
Microsoft Visual Studio Solution File, Format Version 12.00
# Visual Studio 15
VisualStudioVersion = 15.0.27703.2042
MinimumVisualStudioVersion = 10.0.40219.1
Project("{FAE04EC0-301F-11D3-BF4B-00C04F79EFBC}") = "CSE.Utilities", "CSE.Utilities\CSE.Utilities.csproj", "{B818414F-55D1-4E94-BF8F-3FCA0280709E}"
EndProject
Project("{FAE04EC0-301F-11D3-BF4B-00C04F79EFBC}") = "CSE.Utilities.Tests", "CSE.Utilities.Tests\CSE.Utilities.Tests.csproj", "{A3B47B91-13DB-4279-A62A-2B924BE23C09}"
EndProject
Global
	GlobalSection(SolutionConfigurationPlatforms) = preSolution
		Debug|Any CPU = Debug|Any CPU
		Release|Any CPU = Release|Any CPU
	EndGlobalSection
	GlobalSection(ProjectConfigurationPlatforms) = postSolution
		{B818414F-55D1-4E94-BF8F-3FCA0280709E}.Debug|Any CPU.ActiveCfg = Debug|Any CPU
		{B818414F-55D1-4E94-BF8F-3FCA0280709E}.Debug|Any CPU.Build.0 = Debug|Any CPU
		{B818414F-55D1-4E94-BF8F-3FCA0280709E}.Release|Any CPU.ActiveCfg = Release|Any CPU
		{B818414F-55D1-4E94-BF8F-3FCA0280709E}.Release|Any CPU.Build.0 = Release|Any CPU
		{A3B47B91-13DB-4279-A62A-2B924BE23C09}.Debug|Any CPU.ActiveCfg = Debug|Any CPU
		{A3B47B91-13DB-4279-A62A-2B924BE23C09}.Debug|Any CPU.Build.0 = Debug|Any CPU
		{A3B47B91-13DB-4279-A62A-2B924BE23C09}.Release|Any CPU.ActiveCfg = Release|Any CPU
		{A3B47B91-13DB-4279-A62A-2B924BE23C09}.Release|Any CPU.Build.0 = Release|Any CPU
	EndGlobalSection
	GlobalSection(SolutionProperties) = preSolution
		HideSolutionNode = FALSE
	EndGlobalSection
	GlobalSection(ExtensibilityGlobals) = postSolution
		SolutionGuid = {37D58848-167E-400E-825C-14AD387BC4B6}
	EndGlobalSection
EndGlobal
